
Microsoft Visual Studio Solution File, Format Version 12.00
# Visual Studio 15
VisualStudioVersion = 15.0.28307.645
MinimumVisualStudioVersion = 10.0.40219.1
Project("{FAE04EC0-301F-11D3-BF4B-00C04F79EFBC}") = "Command.Console", "Command.Console\Command.Console.csproj", "{1B4E5C07-2F95-4989-B5C8-F39C9AE5E942}"
EndProject
Project("{FAE04EC0-301F-11D3-BF4B-00C04F79EFBC}") = "Command.Business", "Command.Business\Command.Business.csproj", "{7A096F2A-5509-4136-BA29-F08B9CB5A19A}"
EndProject
Global
	GlobalSection(SolutionConfigurationPlatforms) = preSolution
		Debug|Any CPU = Debug|Any CPU
		Release|Any CPU = Release|Any CPU
	EndGlobalSection
	GlobalSection(ProjectConfigurationPlatforms) = postSolution
		{1B4E5C07-2F95-4989-B5C8-F39C9AE5E942}.Debug|Any CPU.ActiveCfg = Debug|Any CPU
		{1B4E5C07-2F95-4989-B5C8-F39C9AE5E942}.Debug|Any CPU.Build.0 = Debug|Any CPU
		{1B4E5C07-2F95-4989-B5C8-F39C9AE5E942}.Release|Any CPU.ActiveCfg = Release|Any CPU
		{1B4E5C07-2F95-4989-B5C8-F39C9AE5E942}.Release|Any CPU.Build.0 = Release|Any CPU
		{7A096F2A-5509-4136-BA29-F08B9CB5A19A}.Debug|Any CPU.ActiveCfg = Debug|Any CPU
		{7A096F2A-5509-4136-BA29-F08B9CB5A19A}.Debug|Any CPU.Build.0 = Debug|Any CPU
		{7A096F2A-5509-4136-BA29-F08B9CB5A19A}.Release|Any CPU.ActiveCfg = Release|Any CPU
		{7A096F2A-5509-4136-BA29-F08B9CB5A19A}.Release|Any CPU.Build.0 = Release|Any CPU
	EndGlobalSection
	GlobalSection(SolutionProperties) = preSolution
		HideSolutionNode = FALSE
	EndGlobalSection
	GlobalSection(ExtensibilityGlobals) = postSolution
		SolutionGuid = {6B49590F-9C6D-461A-B1BE-C55ACB4EEEEA}
	EndGlobalSection
EndGlobal
